
Microsoft Visual Studio Solution File, Format Version 12.00
# Visual Studio 15
VisualStudioVersion = 15.0.27703.2018
MinimumVisualStudioVersion = 10.0.40219.1
Project("{9A19103F-16F7-4668-BE54-9A1E7A4F7556}") = "VTS.AuthServer.Web", "VTS.AuthServer.Web\VTS.AuthServer.Web.csproj", "{195E5442-214F-422D-BC34-AAA8D1FDD8D9}"
EndProject
Project("{9A19103F-16F7-4668-BE54-9A1E7A4F7556}") = "VTS.AuthServer.TestAPI", "VTS.AuthServer.TestAPI\VTS.AuthServer.TestAPI.csproj", "{5D0C7B40-91E5-484F-AA47-E0AB181F7C10}"
EndProject
Project("{FAE04EC0-301F-11D3-BF4B-00C04F79EFBC}") = "VTS.AuthServer.TestAPIClient", "VTS.AuthServer.TestAPIClient\VTS.AuthServer.TestAPIClient.csproj", "{77C21373-6E6D-49A0-92C1-058C784C620E}"
EndProject
Project("{9A19103F-16F7-4668-BE54-9A1E7A4F7556}") = "MVC.TestAPIClient", "MVC.TestAPIClient\MVC.TestAPIClient.csproj", "{AC903125-AA9F-41FB-BB03-BF4A6FF69900}"
EndProject
Project("{2150E333-8FDC-42A3-9474-1A3956D46DE8}") = "Clients", "Clients", "{B7E6EFFC-41C6-45E0-9FC7-C72D3375A1E2}"
EndProject
Global
	GlobalSection(SolutionConfigurationPlatforms) = preSolution
		Debug|Any CPU = Debug|Any CPU
		Release|Any CPU = Release|Any CPU
	EndGlobalSection
	GlobalSection(ProjectConfigurationPlatforms) = postSolution
		{195E5442-214F-422D-BC34-AAA8D1FDD8D9}.Debug|Any CPU.ActiveCfg = Debug|Any CPU
		{195E5442-214F-422D-BC34-AAA8D1FDD8D9}.Debug|Any CPU.Build.0 = Debug|Any CPU
		{195E5442-214F-422D-BC34-AAA8D1FDD8D9}.Release|Any CPU.ActiveCfg = Release|Any CPU
		{195E5442-214F-422D-BC34-AAA8D1FDD8D9}.Release|Any CPU.Build.0 = Release|Any CPU
		{5D0C7B40-91E5-484F-AA47-E0AB181F7C10}.Debug|Any CPU.ActiveCfg = Debug|Any CPU
		{5D0C7B40-91E5-484F-AA47-E0AB181F7C10}.Debug|Any CPU.Build.0 = Debug|Any CPU
		{5D0C7B40-91E5-484F-AA47-E0AB181F7C10}.Release|Any CPU.ActiveCfg = Release|Any CPU
		{5D0C7B40-91E5-484F-AA47-E0AB181F7C10}.Release|Any CPU.Build.0 = Release|Any CPU
		{77C21373-6E6D-49A0-92C1-058C784C620E}.Debug|Any CPU.ActiveCfg = Debug|Any CPU
		{77C21373-6E6D-49A0-92C1-058C784C620E}.Debug|Any CPU.Build.0 = Debug|Any CPU
		{77C21373-6E6D-49A0-92C1-058C784C620E}.Release|Any CPU.ActiveCfg = Release|Any CPU
		{77C21373-6E6D-49A0-92C1-058C784C620E}.Release|Any CPU.Build.0 = Release|Any CPU
		{AC903125-AA9F-41FB-BB03-BF4A6FF69900}.Debug|Any CPU.ActiveCfg = Debug|Any CPU
		{AC903125-AA9F-41FB-BB03-BF4A6FF69900}.Debug|Any CPU.Build.0 = Debug|Any CPU
		{AC903125-AA9F-41FB-BB03-BF4A6FF69900}.Release|Any CPU.ActiveCfg = Release|Any CPU
		{AC903125-AA9F-41FB-BB03-BF4A6FF69900}.Release|Any CPU.Build.0 = Release|Any CPU
	EndGlobalSection
	GlobalSection(SolutionProperties) = preSolution
		HideSolutionNode = FALSE
	EndGlobalSection
	GlobalSection(NestedProjects) = preSolution
		{5D0C7B40-91E5-484F-AA47-E0AB181F7C10} = {B7E6EFFC-41C6-45E0-9FC7-C72D3375A1E2}
		{77C21373-6E6D-49A0-92C1-058C784C620E} = {B7E6EFFC-41C6-45E0-9FC7-C72D3375A1E2}
		{AC903125-AA9F-41FB-BB03-BF4A6FF69900} = {B7E6EFFC-41C6-45E0-9FC7-C72D3375A1E2}
	EndGlobalSection
	GlobalSection(ExtensibilityGlobals) = postSolution
		SolutionGuid = {812ABB03-2A88-4D08-A3A7-DB70ACFE01A3}
	EndGlobalSection
EndGlobal
